
Microsoft Visual Studio Solution File, Format Version 12.00
# Visual Studio Version 17
VisualStudioVersion = 17.7.34031.279
MinimumVisualStudioVersion = 10.0.40219.1
Project("{FAE04EC0-301F-11D3-BF4B-00C04F79EFBC}") = "Форма", "Форма\Форма.csproj", "{4DCF904F-EB55-4B65-B34E-62AE2D0C0799}"
EndProject
Global
	GlobalSection(SolutionConfigurationPlatforms) = preSolution
		Debug|Any CPU = Debug|Any CPU
		Release|Any CPU = Release|Any CPU
	EndGlobalSection
	GlobalSection(ProjectConfigurationPlatforms) = postSolution
		{4DCF904F-EB55-4B65-B34E-62AE2D0C0799}.Debug|Any CPU.ActiveCfg = Debug|Any CPU
		{4DCF904F-EB55-4B65-B34E-62AE2D0C0799}.Debug|Any CPU.Build.0 = Debug|Any CPU
		{4DCF904F-EB55-4B65-B34E-62AE2D0C0799}.Release|Any CPU.ActiveCfg = Release|Any CPU
		{4DCF904F-EB55-4B65-B34E-62AE2D0C0799}.Release|Any CPU.Build.0 = Release|Any CPU
	EndGlobalSection
	GlobalSection(SolutionProperties) = preSolution
		HideSolutionNode = FALSE
	EndGlobalSection
	GlobalSection(ExtensibilityGlobals) = postSolution
		SolutionGuid = {A743EA98-3F82-47AF-AE65-1163795B835B}
	EndGlobalSection
EndGlobal
